
Microsoft Visual Studio Solution File, Format Version 12.00
# Visual Studio Version 17
VisualStudioVersion = 17.0.32112.339
MinimumVisualStudioVersion = 10.0.40219.1
Project("{888888A0-9F3D-457C-B088-3A5042F75D52}") = "script-anti-afk_roblox", "script-anti-adk_roblox\script-anti-afk_roblox.pyproj", "{26CCF452-ACE1-49CF-A9C1-88308C72387F}"
EndProject
Global
	GlobalSection(SolutionConfigurationPlatforms) = preSolution
		Debug|Any CPU = Debug|Any CPU
		Release|Any CPU = Release|Any CPU
	EndGlobalSection
	GlobalSection(ProjectConfigurationPlatforms) = postSolution
		{26CCF452-ACE1-49CF-A9C1-88308C72387F}.Debug|Any CPU.ActiveCfg = Debug|Any CPU
		{26CCF452-ACE1-49CF-A9C1-88308C72387F}.Release|Any CPU.ActiveCfg = Release|Any CPU
	EndGlobalSection
	GlobalSection(SolutionProperties) = preSolution
		HideSolutionNode = FALSE
	EndGlobalSection
	GlobalSection(ExtensibilityGlobals) = postSolution
		SolutionGuid = {836F3BE5-CF53-4E84-AAD4-3B3F811C878F}
	EndGlobalSection
EndGlobal
